
Microsoft Visual Studio Solution File, Format Version 12.00
# Visual Studio Version 16
VisualStudioVersion = 16.0.32228.343
MinimumVisualStudioVersion = 10.0.40219.1
Project("{FAE04EC0-301F-11D3-BF4B-00C04F79EFBC}") = "FolhaDePagamentoQueicy", "FolhaDePagamentoQueicy\FolhaDePagamentoQueicy.csproj", "{E19AC247-CE38-40C3-9BEB-8A3C6BFBF1FB}"
EndProject
Global
	GlobalSection(SolutionConfigurationPlatforms) = preSolution
		Debug|Any CPU = Debug|Any CPU
		Release|Any CPU = Release|Any CPU
	EndGlobalSection
	GlobalSection(ProjectConfigurationPlatforms) = postSolution
		{E19AC247-CE38-40C3-9BEB-8A3C6BFBF1FB}.Debug|Any CPU.ActiveCfg = Debug|Any CPU
		{E19AC247-CE38-40C3-9BEB-8A3C6BFBF1FB}.Debug|Any CPU.Build.0 = Debug|Any CPU
		{E19AC247-CE38-40C3-9BEB-8A3C6BFBF1FB}.Release|Any CPU.ActiveCfg = Release|Any CPU
		{E19AC247-CE38-40C3-9BEB-8A3C6BFBF1FB}.Release|Any CPU.Build.0 = Release|Any CPU
	EndGlobalSection
	GlobalSection(SolutionProperties) = preSolution
		HideSolutionNode = FALSE
	EndGlobalSection
	GlobalSection(ExtensibilityGlobals) = postSolution
		SolutionGuid = {337975E9-E9AD-403B-AD82-2CB23C326B91}
	EndGlobalSection
EndGlobal
